
Microsoft Visual Studio Solution File, Format Version 12.00
# Visual Studio Version 16
VisualStudioVersion = 16.0.29001.49
MinimumVisualStudioVersion = 10.0.40219.1
Project("{FAE04EC0-301F-11D3-BF4B-00C04F79EFBC}") = "Photography_Website", "Photography_Website.csproj", "{40EC9CEF-8A5E-40DB-945B-D854D47C0CCD}"
EndProject
Global
	GlobalSection(SolutionConfigurationPlatforms) = preSolution
		Debug|Any CPU = Debug|Any CPU
		Release|Any CPU = Release|Any CPU
	EndGlobalSection
	GlobalSection(ProjectConfigurationPlatforms) = postSolution
		{40EC9CEF-8A5E-40DB-945B-D854D47C0CCD}.Debug|Any CPU.ActiveCfg = Debug|Any CPU
		{40EC9CEF-8A5E-40DB-945B-D854D47C0CCD}.Debug|Any CPU.Build.0 = Debug|Any CPU
		{40EC9CEF-8A5E-40DB-945B-D854D47C0CCD}.Release|Any CPU.ActiveCfg = Release|Any CPU
		{40EC9CEF-8A5E-40DB-945B-D854D47C0CCD}.Release|Any CPU.Build.0 = Release|Any CPU
	EndGlobalSection
	GlobalSection(SolutionProperties) = preSolution
		HideSolutionNode = FALSE
	EndGlobalSection
	GlobalSection(ExtensibilityGlobals) = postSolution
		SolutionGuid = {800CB65C-F31D-4FFF-8F60-A98F3B5B9A38}
	EndGlobalSection
EndGlobal
